
Microsoft Visual Studio Solution File, Format Version 12.00
# Visual Studio 15
Project("{FAE04EC0-301F-11D3-BF4B-00C04F79EFBC}") = "UnityEngine.TestRunner", "UnityEngine.TestRunner.csproj", "{3D1621A9-E54F-94D0-0B21-55CB1BC73FC8}"
EndProject
Project("{FAE04EC0-301F-11D3-BF4B-00C04F79EFBC}") = "Unity.2D.Animation.Triangle.Runtime", "Unity.2D.Animation.Triangle.Runtime.csproj", "{9A2EECCC-4DBC-7BD3-1253-956A0E80E760}"
EndProject
Project("{FAE04EC0-301F-11D3-BF4B-00C04F79EFBC}") = "UnityEngine.UI", "UnityEngine.UI.csproj", "{8490968E-3E0C-D183-E3E0-5F8D516CC18C}"
EndProject
Project("{FAE04EC0-301F-11D3-BF4B-00C04F79EFBC}") = "Unity.TextMeshPro", "Unity.TextMeshPro.csproj", "{17610874-1B9F-7B7C-41CC-77862412F0C1}"
EndProject
Project("{FAE04EC0-301F-11D3-BF4B-00C04F79EFBC}") = "Unity.2D.Animation.Runtime", "Unity.2D.Animation.Runtime.csproj", "{0EB6920F-D0DE-5307-1EAE-1A0829B01018}"
EndProject
Project("{FAE04EC0-301F-11D3-BF4B-00C04F79EFBC}") = "Unity.Timeline", "Unity.Timeline.csproj", "{DE19752F-78D4-04B2-CD60-0FA4FA9F6DC9}"
EndProject
Project("{FAE04EC0-301F-11D3-BF4B-00C04F79EFBC}") = "Unity.Mathematics", "Unity.Mathematics.csproj", "{03E9515D-62B3-4299-F6C9-DFBCCE9B4D1B}"
EndProject
Project("{FAE04EC0-301F-11D3-BF4B-00C04F79EFBC}") = "Unity.2D.SpriteShape.Runtime", "Unity.2D.SpriteShape.Runtime.csproj", "{88D36FC7-FE87-E7C5-104C-C3613B5A80C0}"
EndProject
Project("{FAE04EC0-301F-11D3-BF4B-00C04F79EFBC}") = "Unity.2D.PixelPerfect", "Unity.2D.PixelPerfect.csproj", "{6BE3B5FC-3803-F52D-9618-A0FE89F94CC4}"
EndProject
Project("{FAE04EC0-301F-11D3-BF4B-00C04F79EFBC}") = "Assembly-CSharp", "Assembly-CSharp.csproj", "{2186EE13-3F82-F970-4DBB-AAF36716D70D}"
EndProject
Project("{FAE04EC0-301F-11D3-BF4B-00C04F79EFBC}") = "Unity.InternalAPIEngineBridge.001", "Unity.InternalAPIEngineBridge.001.csproj", "{6F40D73F-FF9D-39CF-760D-88B3F05EEB8F}"
EndProject
Project("{FAE04EC0-301F-11D3-BF4B-00C04F79EFBC}") = "Unity.2D.Common.Runtime", "Unity.2D.Common.Runtime.csproj", "{AFABA11C-5089-BE8D-0B6B-AC1DE557ED4F}"
EndProject
Project("{FAE04EC0-301F-11D3-BF4B-00C04F79EFBC}") = "Unity.TextMeshPro.Editor", "Unity.TextMeshPro.Editor.csproj", "{5AF40A4C-D406-B24B-229F-4BBBC4DC0590}"
EndProject
Project("{FAE04EC0-301F-11D3-BF4B-00C04F79EFBC}") = "Unity.Timeline.Editor", "Unity.Timeline.Editor.csproj", "{82936FDE-464E-BAD8-E549-674343A58636}"
EndProject
Project("{FAE04EC0-301F-11D3-BF4B-00C04F79EFBC}") = "Unity.CollabProxy.Editor", "Unity.CollabProxy.Editor.csproj", "{B7B63C76-7C79-EF73-C0DF-C63A04470EAD}"
EndProject
Project("{FAE04EC0-301F-11D3-BF4B-00C04F79EFBC}") = "UnityEditor.TestRunner", "UnityEditor.TestRunner.csproj", "{BD097CBE-09EC-4BD6-09CA-D627E0232B2E}"
EndProject
Project("{FAE04EC0-301F-11D3-BF4B-00C04F79EFBC}") = "Unity.2D.Animation.Editor", "Unity.2D.Animation.Editor.csproj", "{7152326C-E5BC-33BB-1251-6B0F9DE60B2E}"
EndProject
Project("{FAE04EC0-301F-11D3-BF4B-00C04F79EFBC}") = "Unity.2D.Path.Editor", "Unity.2D.Path.Editor.csproj", "{B0860949-1030-B3E4-5BBA-2E713962AE1D}"
EndProject
Project("{FAE04EC0-301F-11D3-BF4B-00C04F79EFBC}") = "Unity.2D.Sprite.Editor", "Unity.2D.Sprite.Editor.csproj", "{5C90C2E0-C6FC-20C7-E445-D9FE3F5FA3F7}"
EndProject
Project("{FAE04EC0-301F-11D3-BF4B-00C04F79EFBC}") = "UnityEditor.UI", "UnityEditor.UI.csproj", "{391C251C-BD3B-F8BA-F902-74D61EACCEF9}"
EndProject
Project("{FAE04EC0-301F-11D3-BF4B-00C04F79EFBC}") = "Unity.Rider.Editor", "Unity.Rider.Editor.csproj", "{CC2CFD3F-B6F0-3DDA-2AFE-7435290F136F}"
EndProject
Project("{FAE04EC0-301F-11D3-BF4B-00C04F79EFBC}") = "Unity.2D.Tilemap.Editor", "Unity.2D.Tilemap.Editor.csproj", "{19ACA90A-8CFF-EFA7-CC75-7F9237A830C0}"
EndProject
Project("{FAE04EC0-301F-11D3-BF4B-00C04F79EFBC}") = "Unity.VisualStudio.Editor", "Unity.VisualStudio.Editor.csproj", "{8A7FF6AA-9B61-72D3-905E-A5565653BE94}"
EndProject
Project("{FAE04EC0-301F-11D3-BF4B-00C04F79EFBC}") = "Unity.2D.SpriteShape.Editor", "Unity.2D.SpriteShape.Editor.csproj", "{015A7460-EAFD-A5A7-2857-510B3EFA0708}"
EndProject
Project("{FAE04EC0-301F-11D3-BF4B-00C04F79EFBC}") = "PsdPlugin", "PsdPlugin.csproj", "{8D530463-E623-B0DA-3823-5056F0154944}"
EndProject
Project("{FAE04EC0-301F-11D3-BF4B-00C04F79EFBC}") = "Unity.2D.Common.Editor", "Unity.2D.Common.Editor.csproj", "{E9CFF3D7-EBC5-0931-CD41-E68A16ACC46C}"
EndProject
Project("{FAE04EC0-301F-11D3-BF4B-00C04F79EFBC}") = "Unity.VSCode.Editor", "Unity.VSCode.Editor.csproj", "{8A6E5B63-825F-46B4-114D-075CEFACECDA}"
EndProject
Project("{FAE04EC0-301F-11D3-BF4B-00C04F79EFBC}") = "Unity.2D.Psdimporter.Editor", "Unity.2D.Psdimporter.Editor.csproj", "{DFBC0A06-0390-42F9-F422-A462C3AA55E0}"
EndProject
Project("{FAE04EC0-301F-11D3-BF4B-00C04F79EFBC}") = "Unity.2D.PixelPerfect.Editor", "Unity.2D.PixelPerfect.Editor.csproj", "{406145AE-E757-6CD1-A402-049150D1D495}"
EndProject
Project("{FAE04EC0-301F-11D3-BF4B-00C04F79EFBC}") = "Unity.Mathematics.Editor", "Unity.Mathematics.Editor.csproj", "{6C5AABCF-13E4-6D0E-2FB6-A24A506F23D6}"
EndProject
Project("{FAE04EC0-301F-11D3-BF4B-00C04F79EFBC}") = "Unity.InternalAPIEditorBridge.001", "Unity.InternalAPIEditorBridge.001.csproj", "{3D96C84D-8B0F-1B43-FBC6-2F9F9DD9430D}"
EndProject
Project("{FAE04EC0-301F-11D3-BF4B-00C04F79EFBC}") = "UnityEngine.TestRunner", "UnityEngine.TestRunner.Player.csproj", "{DA4E18FB-C06A-536C-F68A-44F54A1F4D7C}"
EndProject
Project("{FAE04EC0-301F-11D3-BF4B-00C04F79EFBC}") = "Unity.2D.Animation.Triangle.Runtime", "Unity.2D.Animation.Triangle.Runtime.Player.csproj", "{4D89B28D-02ED-8BA2-7719-8A14DAF9DE1C}"
EndProject
Project("{FAE04EC0-301F-11D3-BF4B-00C04F79EFBC}") = "UnityEngine.UI", "UnityEngine.UI.Player.csproj", "{BE4C5B9F-33FE-5C27-491F-CC5C6D4AFA40}"
EndProject
Project("{FAE04EC0-301F-11D3-BF4B-00C04F79EFBC}") = "Unity.TextMeshPro", "Unity.TextMeshPro.Player.csproj", "{1BF2E0F5-E7DF-0F3D-63FB-E9EB7F2F0862}"
EndProject
Project("{FAE04EC0-301F-11D3-BF4B-00C04F79EFBC}") = "Unity.2D.Animation.Runtime", "Unity.2D.Animation.Runtime.Player.csproj", "{5590E511-F7E8-7977-54E8-A412712177B4}"
EndProject
Project("{FAE04EC0-301F-11D3-BF4B-00C04F79EFBC}") = "Unity.Timeline", "Unity.Timeline.Player.csproj", "{0B60E1C4-FC36-1DEF-0F9F-444C22B7CDE8}"
EndProject
Project("{FAE04EC0-301F-11D3-BF4B-00C04F79EFBC}") = "Unity.Mathematics", "Unity.Mathematics.Player.csproj", "{B22BB4B0-CEC3-35BE-AE16-EDA6AC0B18D8}"
EndProject
Project("{FAE04EC0-301F-11D3-BF4B-00C04F79EFBC}") = "Unity.2D.SpriteShape.Runtime", "Unity.2D.SpriteShape.Runtime.Player.csproj", "{9F47591E-4F22-AA94-D434-C569920D90F3}"
EndProject
Project("{FAE04EC0-301F-11D3-BF4B-00C04F79EFBC}") = "Unity.2D.PixelPerfect", "Unity.2D.PixelPerfect.Player.csproj", "{609502BC-AE84-A8AE-797D-1CC60BBE600A}"
EndProject
Project("{FAE04EC0-301F-11D3-BF4B-00C04F79EFBC}") = "Assembly-CSharp", "Assembly-CSharp.Player.csproj", "{3058943E-8200-7C38-CC43-186311C19EDD}"
EndProject
Project("{FAE04EC0-301F-11D3-BF4B-00C04F79EFBC}") = "Unity.InternalAPIEngineBridge.001", "Unity.InternalAPIEngineBridge.001.Player.csproj", "{0C079720-AC4F-2584-2AFE-0754008C8FFC}"
EndProject
Project("{FAE04EC0-301F-11D3-BF4B-00C04F79EFBC}") = "Unity.2D.Common.Runtime", "Unity.2D.Common.Runtime.Player.csproj", "{968DD56B-6891-2374-755A-F7E0E95338AC}"
EndProject
Global
	GlobalSection(SolutionConfigurationPlatforms) = preSolution
		Debug|Any CPU = Debug|Any CPU
		Release|Any CPU = Release|Any CPU
	EndGlobalSection
	GlobalSection(ProjectConfigurationPlatforms) = postSolution
		{3D1621A9-E54F-94D0-0B21-55CB1BC73FC8}.Debug|Any CPU.ActiveCfg = Debug|Any CPU
		{3D1621A9-E54F-94D0-0B21-55CB1BC73FC8}.Debug|Any CPU.Build.0 = Debug|Any CPU
		{3D1621A9-E54F-94D0-0B21-55CB1BC73FC8}.Release|Any CPU.ActiveCfg = Release|Any CPU
		{3D1621A9-E54F-94D0-0B21-55CB1BC73FC8}.Release|Any CPU.Build.0 = Release|Any CPU
		{9A2EECCC-4DBC-7BD3-1253-956A0E80E760}.Debug|Any CPU.ActiveCfg = Debug|Any CPU
		{9A2EECCC-4DBC-7BD3-1253-956A0E80E760}.Debug|Any CPU.Build.0 = Debug|Any CPU
		{9A2EECCC-4DBC-7BD3-1253-956A0E80E760}.Release|Any CPU.ActiveCfg = Release|Any CPU
		{9A2EECCC-4DBC-7BD3-1253-956A0E80E760}.Release|Any CPU.Build.0 = Release|Any CPU
		{8490968E-3E0C-D183-E3E0-5F8D516CC18C}.Debug|Any CPU.ActiveCfg = Debug|Any CPU
		{8490968E-3E0C-D183-E3E0-5F8D516CC18C}.Debug|Any CPU.Build.0 = Debug|Any CPU
		{8490968E-3E0C-D183-E3E0-5F8D516CC18C}.Release|Any CPU.ActiveCfg = Release|Any CPU
		{8490968E-3E0C-D183-E3E0-5F8D516CC18C}.Release|Any CPU.Build.0 = Release|Any CPU
		{17610874-1B9F-7B7C-41CC-77862412F0C1}.Debug|Any CPU.ActiveCfg = Debug|Any CPU
		{17610874-1B9F-7B7C-41CC-77862412F0C1}.Debug|Any CPU.Build.0 = Debug|Any CPU
		{17610874-1B9F-7B7C-41CC-77862412F0C1}.Release|Any CPU.ActiveCfg = Release|Any CPU
		{17610874-1B9F-7B7C-41CC-77862412F0C1}.Release|Any CPU.Build.0 = Release|Any CPU
		{0EB6920F-D0DE-5307-1EAE-1A0829B01018}.Debug|Any CPU.ActiveCfg = Debug|Any CPU
		{0EB6920F-D0DE-5307-1EAE-1A0829B01018}.Debug|Any CPU.Build.0 = Debug|Any CPU
		{0EB6920F-D0DE-5307-1EAE-1A0829B01018}.Release|Any CPU.ActiveCfg = Release|Any CPU
		{0EB6920F-D0DE-5307-1EAE-1A0829B01018}.Release|Any CPU.Build.0 = Release|Any CPU
		{DE19752F-78D4-04B2-CD60-0FA4FA9F6DC9}.Debug|Any CPU.ActiveCfg = Debug|Any CPU
		{DE19752F-78D4-04B2-CD60-0FA4FA9F6DC9}.Debug|Any CPU.Build.0 = Debug|Any CPU
		{DE19752F-78D4-04B2-CD60-0FA4FA9F6DC9}.Release|Any CPU.ActiveCfg = Release|Any CPU
		{DE19752F-78D4-04B2-CD60-0FA4FA9F6DC9}.Release|Any CPU.Build.0 = Release|Any CPU
		{03E9515D-62B3-4299-F6C9-DFBCCE9B4D1B}.Debug|Any CPU.ActiveCfg = Debug|Any CPU
		{03E9515D-62B3-4299-F6C9-DFBCCE9B4D1B}.Debug|Any CPU.Build.0 = Debug|Any CPU
		{03E9515D-62B3-4299-F6C9-DFBCCE9B4D1B}.Release|Any CPU.ActiveCfg = Release|Any CPU
		{03E9515D-62B3-4299-F6C9-DFBCCE9B4D1B}.Release|Any CPU.Build.0 = Release|Any CPU
		{88D36FC7-FE87-E7C5-104C-C3613B5A80C0}.Debug|Any CPU.ActiveCfg = Debug|Any CPU
		{88D36FC7-FE87-E7C5-104C-C3613B5A80C0}.Debug|Any CPU.Build.0 = Debug|Any CPU
		{88D36FC7-FE87-E7C5-104C-C3613B5A80C0}.Release|Any CPU.ActiveCfg = Release|Any CPU
		{88D36FC7-FE87-E7C5-104C-C3613B5A80C0}.Release|Any CPU.Build.0 = Release|Any CPU
		{6BE3B5FC-3803-F52D-9618-A0FE89F94CC4}.Debug|Any CPU.ActiveCfg = Debug|Any CPU
		{6BE3B5FC-3803-F52D-9618-A0FE89F94CC4}.Debug|Any CPU.Build.0 = Debug|Any CPU
		{6BE3B5FC-3803-F52D-9618-A0FE89F94CC4}.Release|Any CPU.ActiveCfg = Release|Any CPU
		{6BE3B5FC-3803-F52D-9618-A0FE89F94CC4}.Release|Any CPU.Build.0 = Release|Any CPU
		{2186EE13-3F82-F970-4DBB-AAF36716D70D}.Debug|Any CPU.ActiveCfg = Debug|Any CPU
		{2186EE13-3F82-F970-4DBB-AAF36716D70D}.Debug|Any CPU.Build.0 = Debug|Any CPU
		{2186EE13-3F82-F970-4DBB-AAF36716D70D}.Release|Any CPU.ActiveCfg = Release|Any CPU
		{2186EE13-3F82-F970-4DBB-AAF36716D70D}.Release|Any CPU.Build.0 = Release|Any CPU
		{6F40D73F-FF9D-39CF-760D-88B3F05EEB8F}.Debug|Any CPU.ActiveCfg = Debug|Any CPU
		{6F40D73F-FF9D-39CF-760D-88B3F05EEB8F}.Debug|Any CPU.Build.0 = Debug|Any CPU
		{6F40D73F-FF9D-39CF-760D-88B3F05EEB8F}.Release|Any CPU.ActiveCfg = Release|Any CPU
		{6F40D73F-FF9D-39CF-760D-88B3F05EEB8F}.Release|Any CPU.Build.0 = Release|Any CPU
		{AFABA11C-5089-BE8D-0B6B-AC1DE557ED4F}.Debug|Any CPU.ActiveCfg = Debug|Any CPU
		{AFABA11C-5089-BE8D-0B6B-AC1DE557ED4F}.Debug|Any CPU.Build.0 = Debug|Any CPU
		{AFABA11C-5089-BE8D-0B6B-AC1DE557ED4F}.Release|Any CPU.ActiveCfg = Release|Any CPU
		{AFABA11C-5089-BE8D-0B6B-AC1DE557ED4F}.Release|Any CPU.Build.0 = Release|Any CPU
		{5AF40A4C-D406-B24B-229F-4BBBC4DC0590}.Debug|Any CPU.ActiveCfg = Debug|Any CPU
		{5AF40A4C-D406-B24B-229F-4BBBC4DC0590}.Debug|Any CPU.Build.0 = Debug|Any CPU
		{5AF40A4C-D406-B24B-229F-4BBBC4DC0590}.Release|Any CPU.ActiveCfg = Release|Any CPU
		{5AF40A4C-D406-B24B-229F-4BBBC4DC0590}.Release|Any CPU.Build.0 = Release|Any CPU
		{82936FDE-464E-BAD8-E549-674343A58636}.Debug|Any CPU.ActiveCfg = Debug|Any CPU
		{82936FDE-464E-BAD8-E549-674343A58636}.Debug|Any CPU.Build.0 = Debug|Any CPU
		{82936FDE-464E-BAD8-E549-674343A58636}.Release|Any CPU.ActiveCfg = Release|Any CPU
		{82936FDE-464E-BAD8-E549-674343A58636}.Release|Any CPU.Build.0 = Release|Any CPU
		{B7B63C76-7C79-EF73-C0DF-C63A04470EAD}.Debug|Any CPU.ActiveCfg = Debug|Any CPU
		{B7B63C76-7C79-EF73-C0DF-C63A04470EAD}.Debug|Any CPU.Build.0 = Debug|Any CPU
		{B7B63C76-7C79-EF73-C0DF-C63A04470EAD}.Release|Any CPU.ActiveCfg = Release|Any CPU
		{B7B63C76-7C79-EF73-C0DF-C63A04470EAD}.Release|Any CPU.Build.0 = Release|Any CPU
		{BD097CBE-09EC-4BD6-09CA-D627E0232B2E}.Debug|Any CPU.ActiveCfg = Debug|Any CPU
		{BD097CBE-09EC-4BD6-09CA-D627E0232B2E}.Debug|Any CPU.Build.0 = Debug|Any CPU
		{BD097CBE-09EC-4BD6-09CA-D627E0232B2E}.Release|Any CPU.ActiveCfg = Release|Any CPU
		{BD097CBE-09EC-4BD6-09CA-D627E0232B2E}.Release|Any CPU.Build.0 = Release|Any CPU
		{7152326C-E5BC-33BB-1251-6B0F9DE60B2E}.Debug|Any CPU.ActiveCfg = Debug|Any CPU
		{7152326C-E5BC-33BB-1251-6B0F9DE60B2E}.Debug|Any CPU.Build.0 = Debug|Any CPU
		{7152326C-E5BC-33BB-1251-6B0F9DE60B2E}.Release|Any CPU.ActiveCfg = Release|Any CPU
		{7152326C-E5BC-33BB-1251-6B0F9DE60B2E}.Release|Any CPU.Build.0 = Release|Any CPU
		{B0860949-1030-B3E4-5BBA-2E713962AE1D}.Debug|Any CPU.ActiveCfg = Debug|Any CPU
		{B0860949-1030-B3E4-5BBA-2E713962AE1D}.Debug|Any CPU.Build.0 = Debug|Any CPU
		{B0860949-1030-B3E4-5BBA-2E713962AE1D}.Release|Any CPU.ActiveCfg = Release|Any CPU
		{B0860949-1030-B3E4-5BBA-2E713962AE1D}.Release|Any CPU.Build.0 = Release|Any CPU
		{5C90C2E0-C6FC-20C7-E445-D9FE3F5FA3F7}.Debug|Any CPU.ActiveCfg = Debug|Any CPU
		{5C90C2E0-C6FC-20C7-E445-D9FE3F5FA3F7}.Debug|Any CPU.Build.0 = Debug|Any CPU
		{5C90C2E0-C6FC-20C7-E445-D9FE3F5FA3F7}.Release|Any CPU.ActiveCfg = Release|Any CPU
		{5C90C2E0-C6FC-20C7-E445-D9FE3F5FA3F7}.Release|Any CPU.Build.0 = Release|Any CPU
		{391C251C-BD3B-F8BA-F902-74D61EACCEF9}.Debug|Any CPU.ActiveCfg = Debug|Any CPU
		{391C251C-BD3B-F8BA-F902-74D61EACCEF9}.Debug|Any CPU.Build.0 = Debug|Any CPU
		{391C251C-BD3B-F8BA-F902-74D61EACCEF9}.Release|Any CPU.ActiveCfg = Release|Any CPU
		{391C251C-BD3B-F8BA-F902-74D61EACCEF9}.Release|Any CPU.Build.0 = Release|Any CPU
		{CC2CFD3F-B6F0-3DDA-2AFE-7435290F136F}.Debug|Any CPU.ActiveCfg = Debug|Any CPU
		{CC2CFD3F-B6F0-3DDA-2AFE-7435290F136F}.Debug|Any CPU.Build.0 = Debug|Any CPU
		{CC2CFD3F-B6F0-3DDA-2AFE-7435290F136F}.Release|Any CPU.ActiveCfg = Release|Any CPU
		{CC2CFD3F-B6F0-3DDA-2AFE-7435290F136F}.Release|Any CPU.Build.0 = Release|Any CPU
		{19ACA90A-8CFF-EFA7-CC75-7F9237A830C0}.Debug|Any CPU.ActiveCfg = Debug|Any CPU
		{19ACA90A-8CFF-EFA7-CC75-7F9237A830C0}.Debug|Any CPU.Build.0 = Debug|Any CPU
		{19ACA90A-8CFF-EFA7-CC75-7F9237A830C0}.Release|Any CPU.ActiveCfg = Release|Any CPU
		{19ACA90A-8CFF-EFA7-CC75-7F9237A830C0}.Release|Any CPU.Build.0 = Release|Any CPU
		{8A7FF6AA-9B61-72D3-905E-A5565653BE94}.Debug|Any CPU.ActiveCfg = Debug|Any CPU
		{8A7FF6AA-9B61-72D3-905E-A5565653BE94}.Debug|Any CPU.Build.0 = Debug|Any CPU
		{8A7FF6AA-9B61-72D3-905E-A5565653BE94}.Release|Any CPU.ActiveCfg = Release|Any CPU
		{8A7FF6AA-9B61-72D3-905E-A5565653BE94}.Release|Any CPU.Build.0 = Release|Any CPU
		{015A7460-EAFD-A5A7-2857-510B3EFA0708}.Debug|Any CPU.ActiveCfg = Debug|Any CPU
		{015A7460-EAFD-A5A7-2857-510B3EFA0708}.Debug|Any CPU.Build.0 = Debug|Any CPU
		{015A7460-EAFD-A5A7-2857-510B3EFA0708}.Release|Any CPU.ActiveCfg = Release|Any CPU
		{015A7460-EAFD-A5A7-2857-510B3EFA0708}.Release|Any CPU.Build.0 = Release|Any CPU
		{8D530463-E623-B0DA-3823-5056F0154944}.Debug|Any CPU.ActiveCfg = Debug|Any CPU
		{8D530463-E623-B0DA-3823-5056F0154944}.Debug|Any CPU.Build.0 = Debug|Any CPU
		{8D530463-E623-B0DA-3823-5056F0154944}.Release|Any CPU.ActiveCfg = Release|Any CPU
		{8D530463-E623-B0DA-3823-5056F0154944}.Release|Any CPU.Build.0 = Release|Any CPU
		{E9CFF3D7-EBC5-0931-CD41-E68A16ACC46C}.Debug|Any CPU.ActiveCfg = Debug|Any CPU
		{E9CFF3D7-EBC5-0931-CD41-E68A16ACC46C}.Debug|Any CPU.Build.0 = Debug|Any CPU
		{E9CFF3D7-EBC5-0931-CD41-E68A16ACC46C}.Release|Any CPU.ActiveCfg = Release|Any CPU
		{E9CFF3D7-EBC5-0931-CD41-E68A16ACC46C}.Release|Any CPU.Build.0 = Release|Any CPU
		{8A6E5B63-825F-46B4-114D-075CEFACECDA}.Debug|Any CPU.ActiveCfg = Debug|Any CPU
		{8A6E5B63-825F-46B4-114D-075CEFACECDA}.Debug|Any CPU.Build.0 = Debug|Any CPU
		{8A6E5B63-825F-46B4-114D-075CEFACECDA}.Release|Any CPU.ActiveCfg = Release|Any CPU
		{8A6E5B63-825F-46B4-114D-075CEFACECDA}.Release|Any CPU.Build.0 = Release|Any CPU
		{DFBC0A06-0390-42F9-F422-A462C3AA55E0}.Debug|Any CPU.ActiveCfg = Debug|Any CPU
		{DFBC0A06-0390-42F9-F422-A462C3AA55E0}.Debug|Any CPU.Build.0 = Debug|Any CPU
		{DFBC0A06-0390-42F9-F422-A462C3AA55E0}.Release|Any CPU.ActiveCfg = Release|Any CPU
		{DFBC0A06-0390-42F9-F422-A462C3AA55E0}.Release|Any CPU.Build.0 = Release|Any CPU
		{406145AE-E757-6CD1-A402-049150D1D495}.Debug|Any CPU.ActiveCfg = Debug|Any CPU
		{406145AE-E757-6CD1-A402-049150D1D495}.Debug|Any CPU.Build.0 = Debug|Any CPU
		{406145AE-E757-6CD1-A402-049150D1D495}.Release|Any CPU.ActiveCfg = Release|Any CPU
		{406145AE-E757-6CD1-A402-049150D1D495}.Release|Any CPU.Build.0 = Release|Any CPU
		{6C5AABCF-13E4-6D0E-2FB6-A24A506F23D6}.Debug|Any CPU.ActiveCfg = Debug|Any CPU
		{6C5AABCF-13E4-6D0E-2FB6-A24A506F23D6}.Debug|Any CPU.Build.0 = Debug|Any CPU
		{6C5AABCF-13E4-6D0E-2FB6-A24A506F23D6}.Release|Any CPU.ActiveCfg = Release|Any CPU
		{6C5AABCF-13E4-6D0E-2FB6-A24A506F23D6}.Release|Any CPU.Build.0 = Release|Any CPU
		{3D96C84D-8B0F-1B43-FBC6-2F9F9DD9430D}.Debug|Any CPU.ActiveCfg = Debug|Any CPU
		{3D96C84D-8B0F-1B43-FBC6-2F9F9DD9430D}.Debug|Any CPU.Build.0 = Debug|Any CPU
		{3D96C84D-8B0F-1B43-FBC6-2F9F9DD9430D}.Release|Any CPU.ActiveCfg = Release|Any CPU
		{3D96C84D-8B0F-1B43-FBC6-2F9F9DD9430D}.Release|Any CPU.Build.0 = Release|Any CPU
		{DA4E18FB-C06A-536C-F68A-44F54A1F4D7C}.Debug|Any CPU.ActiveCfg = Debug|Any CPU
		{DA4E18FB-C06A-536C-F68A-44F54A1F4D7C}.Debug|Any CPU.Build.0 = Debug|Any CPU
		{DA4E18FB-C06A-536C-F68A-44F54A1F4D7C}.Release|Any CPU.ActiveCfg = Release|Any CPU
		{DA4E18FB-C06A-536C-F68A-44F54A1F4D7C}.Release|Any CPU.Build.0 = Release|Any CPU
		{4D89B28D-02ED-8BA2-7719-8A14DAF9DE1C}.Debug|Any CPU.ActiveCfg = Debug|Any CPU
		{4D89B28D-02ED-8BA2-7719-8A14DAF9DE1C}.Debug|Any CPU.Build.0 = Debug|Any CPU
		{4D89B28D-02ED-8BA2-7719-8A14DAF9DE1C}.Release|Any CPU.ActiveCfg = Release|Any CPU
		{4D89B28D-02ED-8BA2-7719-8A14DAF9DE1C}.Release|Any CPU.Build.0 = Release|Any CPU
		{BE4C5B9F-33FE-5C27-491F-CC5C6D4AFA40}.Debug|Any CPU.ActiveCfg = Debug|Any CPU
		{BE4C5B9F-33FE-5C27-491F-CC5C6D4AFA40}.Debug|Any CPU.Build.0 = Debug|Any CPU
		{BE4C5B9F-33FE-5C27-491F-CC5C6D4AFA40}.Release|Any CPU.ActiveCfg = Release|Any CPU
		{BE4C5B9F-33FE-5C27-491F-CC5C6D4AFA40}.Release|Any CPU.Build.0 = Release|Any CPU
		{1BF2E0F5-E7DF-0F3D-63FB-E9EB7F2F0862}.Debug|Any CPU.ActiveCfg = Debug|Any CPU
		{1BF2E0F5-E7DF-0F3D-63FB-E9EB7F2F0862}.Debug|Any CPU.Build.0 = Debug|Any CPU
		{1BF2E0F5-E7DF-0F3D-63FB-E9EB7F2F0862}.Release|Any CPU.ActiveCfg = Release|Any CPU
		{1BF2E0F5-E7DF-0F3D-63FB-E9EB7F2F0862}.Release|Any CPU.Build.0 = Release|Any CPU
		{5590E511-F7E8-7977-54E8-A412712177B4}.Debug|Any CPU.ActiveCfg = Debug|Any CPU
		{5590E511-F7E8-7977-54E8-A412712177B4}.Debug|Any CPU.Build.0 = Debug|Any CPU
		{5590E511-F7E8-7977-54E8-A412712177B4}.Release|Any CPU.ActiveCfg = Release|Any CPU
		{5590E511-F7E8-7977-54E8-A412712177B4}.Release|Any CPU.Build.0 = Release|Any CPU
		{0B60E1C4-FC36-1DEF-0F9F-444C22B7CDE8}.Debug|Any CPU.ActiveCfg = Debug|Any CPU
		{0B60E1C4-FC36-1DEF-0F9F-444C22B7CDE8}.Debug|Any CPU.Build.0 = Debug|Any CPU
		{0B60E1C4-FC36-1DEF-0F9F-444C22B7CDE8}.Release|Any CPU.ActiveCfg = Release|Any CPU
		{0B60E1C4-FC36-1DEF-0F9F-444C22B7CDE8}.Release|Any CPU.Build.0 = Release|Any CPU
		{B22BB4B0-CEC3-35BE-AE16-EDA6AC0B18D8}.Debug|Any CPU.ActiveCfg = Debug|Any CPU
		{B22BB4B0-CEC3-35BE-AE16-EDA6AC0B18D8}.Debug|Any CPU.Build.0 = Debug|Any CPU
		{B22BB4B0-CEC3-35BE-AE16-EDA6AC0B18D8}.Release|Any CPU.ActiveCfg = Release|Any CPU
		{B22BB4B0-CEC3-35BE-AE16-EDA6AC0B18D8}.Release|Any CPU.Build.0 = Release|Any CPU
		{9F47591E-4F22-AA94-D434-C569920D90F3}.Debug|Any CPU.ActiveCfg = Debug|Any CPU
		{9F47591E-4F22-AA94-D434-C569920D90F3}.Debug|Any CPU.Build.0 = Debug|Any CPU
		{9F47591E-4F22-AA94-D434-C569920D90F3}.Release|Any CPU.ActiveCfg = Release|Any CPU
		{9F47591E-4F22-AA94-D434-C569920D90F3}.Release|Any CPU.Build.0 = Release|Any CPU
		{609502BC-AE84-A8AE-797D-1CC60BBE600A}.Debug|Any CPU.ActiveCfg = Debug|Any CPU
		{609502BC-AE84-A8AE-797D-1CC60BBE600A}.Debug|Any CPU.Build.0 = Debug|Any CPU
		{609502BC-AE84-A8AE-797D-1CC60BBE600A}.Release|Any CPU.ActiveCfg = Release|Any CPU
		{609502BC-AE84-A8AE-797D-1CC60BBE600A}.Release|Any CPU.Build.0 = Release|Any CPU
		{3058943E-8200-7C38-CC43-186311C19EDD}.Debug|Any CPU.ActiveCfg = Debug|Any CPU
		{3058943E-8200-7C38-CC43-186311C19EDD}.Debug|Any CPU.Build.0 = Debug|Any CPU
		{3058943E-8200-7C38-CC43-186311C19EDD}.Release|Any CPU.ActiveCfg = Release|Any CPU
		{3058943E-8200-7C38-CC43-186311C19EDD}.Release|Any CPU.Build.0 = Release|Any CPU
		{0C079720-AC4F-2584-2AFE-0754008C8FFC}.Debug|Any CPU.ActiveCfg = Debug|Any CPU
		{0C079720-AC4F-2584-2AFE-0754008C8FFC}.Debug|Any CPU.Build.0 = Debug|Any CPU
		{0C079720-AC4F-2584-2AFE-0754008C8FFC}.Release|Any CPU.ActiveCfg = Release|Any CPU
		{0C079720-AC4F-2584-2AFE-0754008C8FFC}.Release|Any CPU.Build.0 = Release|Any CPU
		{968DD56B-6891-2374-755A-F7E0E95338AC}.Debug|Any CPU.ActiveCfg = Debug|Any CPU
		{968DD56B-6891-2374-755A-F7E0E95338AC}.Debug|Any CPU.Build.0 = Debug|Any CPU
		{968DD56B-6891-2374-755A-F7E0E95338AC}.Release|Any CPU.ActiveCfg = Release|Any CPU
		{968DD56B-6891-2374-755A-F7E0E95338AC}.Release|Any CPU.Build.0 = Release|Any CPU
	EndGlobalSection
	GlobalSection(SolutionProperties) = preSolution
		HideSolutionNode = FALSE
	EndGlobalSection
EndGlobal
